// !$*UTF8*$!
{
	archiveVersion = 1;
	classes = {
	};
	objectVersion = 48;
	objects = {

/* Begin PBXBuildFile section */
		39F2F2232062253400534A9E /* AppDelegate.swift in Sources */ = {isa = PBXBuildFile; fileRef = 39F2F2222062253400534A9E /* AppDelegate.swift */; };
		39F2F2252062253400534A9E /* ViewController.swift in Sources */ = {isa = PBXBuildFile; fileRef = 39F2F2242062253400534A9E /* ViewController.swift */; };
		39F2F2282062253400534A9E /* Main.storyboard in Resources */ = {isa = PBXBuildFile; fileRef = 39F2F2262062253400534A9E /* Main.storyboard */; };
		39F2F22A2062253400534A9E /* Assets.xcassets in Resources */ = {isa = PBXBuildFile; fileRef = 39F2F2292062253400534A9E /* Assets.xcassets */; };
		39F2F22D2062253400534A9E /* LaunchScreen.storyboard in Resources */ = {isa = PBXBuildFile; fileRef = 39F2F22B2062253400534A9E /* LaunchScreen.storyboard */; };
		39F2F2382062253500534A9E /* BaselineDemoTests.swift in Sources */ = {isa = PBXBuildFile; fileRef = 39F2F2372062253500534A9E /* BaselineDemoTests.swift */; };
		39F2F2432062253500534A9E /* BaselineDemoUITests.swift in Sources */ = {isa = PBXBuildFile; fileRef = 39F2F2422062253500534A9E /* BaselineDemoUITests.swift */; };
/* End PBXBuildFile section */

/* Begin PBXContainerItemProxy section */
		39F2F2342062253500534A9E /* PBXContainerItemProxy */ = {
			isa = PBXContainerItemProxy;
			containerPortal = 39F2F2172062253400534A9E /* Project object */;
			proxyType = 1;
			remoteGlobalIDString = 39F2F21E2062253400534A9E;
			remoteInfo = BaselineDemo;
		};
		39F2F23F2062253500534A9E /* PBXContainerItemProxy */ = {
			isa = PBXContainerItemProxy;
			containerPortal = 39F2F2172062253400534A9E /* Project object */;
			proxyType = 1;
			remoteGlobalIDString = 39F2F21E2062253400534A9E;
			remoteInfo = BaselineDemo;
		};
/* End PBXContainerItemProxy section */

/* Begin PBXFileReference section */
		39F2F21F2062253400534A9E /* BaselineDemo.app */ = {isa = PBXFileReference; explicitFileType = wrapper.application; includeInIndex = 0; path = BaselineDemo.app; sourceTree = BUILT_PRODUCTS_DIR; };
		39F2F2222062253400534A9E /* AppDelegate.swift */ = {isa = PBXFileReference; lastKnownFileType = sourcecode.swift; path = AppDelegate.swift; sourceTree = "<group>"; };
		39F2F2242062253400534A9E /* ViewController.swift */ = {isa = PBXFileReference; lastKnownFileType = sourcecode.swift; path = ViewController.swift; sourceTree = "<group>"; };
		39F2F2272062253400534A9E /* Base */ = {isa = PBXFileReference; lastKnownFileType = file.storyboard; name = Base; path = Base.lproj/Main.storyboard; sourceTree = "<group>"; };
		39F2F2292062253400534A9E /* Assets.xcassets */ = {isa = PBXFileReference; lastKnownFileType = folder.assetcatalog; path = Assets.xcassets; sourceTree = "<group>"; };
		39F2F22C2062253400534A9E /* Base */ = {isa = PBXFileReference; lastKnownFileType = file.storyboard; name = Base; path = Base.lproj/LaunchScreen.storyboard; sourceTree = "<group>"; };
		39F2F22E2062253400534A9E /* Info.plist */ = {isa = PBXFileReference; lastKnownFileType = text.plist.xml; path = Info.plist; sourceTree = "<group>"; };
		39F2F2332062253500534A9E /* BaselineDemoTests.xctest */ = {isa = PBXFileReference; explicitFileType = wrapper.cfbundle; includeInIndex = 0; path = BaselineDemoTests.xctest; sourceTree = BUILT_PRODUCTS_DIR; };
		39F2F2372062253500534A9E /* BaselineDemoTests.swift */ = {isa = PBXFileReference; lastKnownFileType = sourcecode.swift; path = BaselineDemoTests.swift; sourceTree = "<group>"; };
		39F2F2392062253500534A9E /* Info.plist */ = {isa = PBXFileReference; lastKnownFileType = text.plist.xml; path = Info.plist; sourceTree = "<group>"; };
		39F2F23E2062253500534A9E /* BaselineDemoUITests.xctest */ = {isa = PBXFileReference; explicitFileType = wrapper.cfbundle; includeInIndex = 0; path = BaselineDemoUITests.xctest; sourceTree = BUILT_PRODUCTS_DIR; };
		39F2F2422062253500534A9E /* BaselineDemoUITests.swift */ = {isa = PBXFileReference; lastKnownFileType = sourcecode.swift; path = BaselineDemoUITests.swift; sourceTree = "<group>"; };
		39F2F2442062253500534A9E /* Info.plist */ = {isa = PBXFileReference; lastKnownFileType = text.plist.xml; path = Info.plist; sourceTree = "<group>"; };
/* End PBXFileReference section */

/* Begin PBXFrameworksBuildPhase section */
		39F2F21C2062253400534A9E /* Frameworks */ = {
			isa = PBXFrameworksBuildPhase;
			buildActionMask = 2147483647;
			files = (
			);
			runOnlyForDeploymentPostprocessing = 0;
		};
		39F2F2302062253500534A9E /* Frameworks */ = {
			isa = PBXFrameworksBuildPhase;
			buildActionMask = 2147483647;
			files = (
			);
			runOnlyForDeploymentPostprocessing = 0;
		};
		39F2F23B2062253500534A9E /* Frameworks */ = {
			isa = PBXFrameworksBuildPhase;
			buildActionMask = 2147483647;
			files = (
			);
			runOnlyForDeploymentPostprocessing = 0;
		};
/* End PBXFrameworksBuildPhase section */

/* Begin PBXGroup section */
		39F2F2162062253400534A9E = {
			isa = PBXGroup;
			children = (
				39F2F2212062253400534A9E /* BaselineDemo */,
				39F2F2362062253500534A9E /* BaselineDemoTests */,
				39F2F2412062253500534A9E /* BaselineDemoUITests */,
				39F2F2202062253400534A9E /* Products */,
			);
			sourceTree = "<group>";
		};
		39F2F2202062253400534A9E /* Products */ = {
			isa = PBXGroup;
			children = (
				39F2F21F2062253400534A9E /* BaselineDemo.app */,
				39F2F2332062253500534A9E /* BaselineDemoTests.xctest */,
				39F2F23E2062253500534A9E /* BaselineDemoUITests.xctest */,
			);
			name = Products;
			sourceTree = "<group>";
		};
		39F2F2212062253400534A9E /* BaselineDemo */ = {
			isa = PBXGroup;
			children = (
				39F2F2222062253400534A9E /* AppDelegate.swift */,
				39F2F2242062253400534A9E /* ViewController.swift */,
				39F2F2262062253400534A9E /* Main.storyboard */,
				39F2F2292062253400534A9E /* Assets.xcassets */,
				39F2F22B2062253400534A9E /* LaunchScreen.storyboard */,
				39F2F22E2062253400534A9E /* Info.plist */,
			);
			path = BaselineDemo;
			sourceTree = "<group>";
		};
		39F2F2362062253500534A9E /* BaselineDemoTests */ = {
			isa = PBXGroup;
			children = (
				39F2F2372062253500534A9E /* BaselineDemoTests.swift */,
				39F2F2392062253500534A9E /* Info.plist */,
			);
			path = BaselineDemoTests;
			sourceTree = "<group>";
		};
		39F2F2412062253500534A9E /* BaselineDemoUITests */ = {
			isa = PBXGroup;
			children = (
				39F2F2422062253500534A9E /* BaselineDemoUITests.swift */,
				39F2F2442062253500534A9E /* Info.plist */,
			);
			path = BaselineDemoUITests;
			sourceTree = "<group>";
		};
/* End PBXGroup section */

/* Begin PBXNativeTarget section */
		39F2F21E2062253400534A9E /* BaselineDemo */ = {
			isa = PBXNativeTarget;
			buildConfigurationList = 39F2F2472062253500534A9E /* Build configuration list for PBXNativeTarget "BaselineDemo" */;
			buildPhases = (
				39F2F21B2062253400534A9E /* Sources */,
				39F2F21C2062253400534A9E /* Frameworks */,
				39F2F21D2062253400534A9E /* Resources */,
			);
			buildRules = (
			);
			dependencies = (
			);
			name = BaselineDemo;
			productName = BaselineDemo;
			productReference = 39F2F21F2062253400534A9E /* BaselineDemo.app */;
			productType = "com.apple.product-type.application";
		};
		39F2F2322062253500534A9E /* BaselineDemoTests */ = {
			isa = PBXNativeTarget;
			buildConfigurationList = 39F2F24A2062253500534A9E /* Build configuration list for PBXNativeTarget "BaselineDemoTests" */;
			buildPhases = (
				39F2F22F2062253500534A9E /* Sources */,
				39F2F2302062253500534A9E /* Frameworks */,
				39F2F2312062253500534A9E /* Resources */,
			);
			buildRules = (
			);
			dependencies = (
				39F2F2352062253500534A9E /* PBXTargetDependency */,
			);
			name = BaselineDemoTests;
			productName = BaselineDemoTests;
			productReference = 39F2F2332062253500534A9E /* BaselineDemoTests.xctest */;
			productType = "com.apple.product-type.bundle.unit-test";
		};
		39F2F23D2062253500534A9E /* BaselineDemoUITests */ = {
			isa = PBXNativeTarget;
			buildConfigurationList = 39F2F24D2062253500534A9E /* Build configuration list for PBXNativeTarget "BaselineDemoUITests" */;
			buildPhases = (
				39F2F23A2062253500534A9E /* Sources */,
				39F2F23B2062253500534A9E /* Frameworks */,
				39F2F23C2062253500534A9E /* Resources */,
			);
			buildRules = (
			);
			dependencies = (
				39F2F2402062253500534A9E /* PBXTargetDependency */,
			);
			name = BaselineDemoUITests;
			productName = BaselineDemoUITests;
			productReference = 39F2F23E2062253500534A9E /* BaselineDemoUITests.xctest */;
			productType = "com.apple.product-type.bundle.ui-testing";
		};
/* End PBXNativeTarget section */

/* Begin PBXProject section */
		39F2F2172062253400534A9E /* Project object */ = {
			isa = PBXProject;
			attributes = {
				LastSwiftUpdateCheck = 0920;
				LastUpgradeCheck = 0920;
				ORGANIZATIONNAME = "Alen Liang";
				TargetAttributes = {
					39F2F21E2062253400534A9E = {
						CreatedOnToolsVersion = 9.2;
						ProvisioningStyle = Automatic;
					};
					39F2F2322062253500534A9E = {
						CreatedOnToolsVersion = 9.2;
						ProvisioningStyle = Automatic;
						TestTargetID = 39F2F21E2062253400534A9E;
					};
					39F2F23D2062253500534A9E = {
						CreatedOnToolsVersion = 9.2;
						ProvisioningStyle = Automatic;
						TestTargetID = 39F2F21E2062253400534A9E;
					};
				};
			};
			buildConfigurationList = 39F2F21A2062253400534A9E /* Build configuration list for PBXProject "BaselineDemo" */;
			compatibilityVersion = "Xcode 8.0";
			developmentRegion = en;
			hasScannedForEncodings = 0;
			knownRegions = (
				en,
				Base,
			);
			mainGroup = 39F2F2162062253400534A9E;
			productRefGroup = 39F2F2202062253400534A9E /* Products */;
			projectDirPath = "";
			projectRoot = "";
			targets = (
				39F2F21E2062253400534A9E /* BaselineDemo */,
				39F2F2322062253500534A9E /* BaselineDemoTests */,
				39F2F23D2062253500534A9E /* BaselineDemoUITests */,
			);
		};
/* End PBXProject section */

/* Begin PBXResourcesBuildPhase section */
		39F2F21D2062253400534A9E /* Resources */ = {
			isa = PBXResourcesBuildPhase;
			buildActionMask = 2147483647;
			files = (
				39F2F22D2062253400534A9E /* LaunchScreen.storyboard in Resources */,
				39F2F22A2062253400534A9E /* Assets.xcassets in Resources */,
				39F2F2282062253400534A9E /* Main.storyboard in Resources */,
			);
			runOnlyForDeploymentPostprocessing = 0;
		};
		39F2F2312062253500534A9E /* Resources */ = {
			isa = PBXResourcesBuildPhase;
			buildActionMask = 2147483647;
			files = (
			);
			runOnlyForDeploymentPostprocessing = 0;
		};
		39F2F23C2062253500534A9E /* Resources */ = {
			isa = PBXResourcesBuildPhase;
			buildActionMask = 2147483647;
			files = (
			);
			runOnlyForDeploymentPostprocessing = 0;
		};
/* End PBXResourcesBuildPhase section */

/* Begin PBXSourcesBuildPhase section */
		39F2F21B2062253400534A9E /* Sources */ = {
			isa = PBXSourcesBuildPhase;
			buildActionMask = 2147483647;
			files = (
				39F2F2252062253400534A9E /* ViewController.swift in Sources */,
				39F2F2232062253400534A9E /* AppDelegate.swift in Sources */,
			);
			runOnlyForDeploymentPostprocessing = 0;
		};
		39F2F22F2062253500534A9E /* Sources */ = {
			isa = PBXSourcesBuildPhase;
			buildActionMask = 2147483647;
			files = (
				39F2F2382062253500534A9E /* BaselineDemoTests.swift in Sources */,
			);
			runOnlyForDeploymentPostprocessing = 0;
		};
		39F2F23A2062253500534A9E /* Sources */ = {
			isa = PBXSourcesBuildPhase;
			buildActionMask = 2147483647;
			files = (
				39F2F2432062253500534A9E /* BaselineDemoUITests.swift in Sources */,
			);
			runOnlyForDeploymentPostprocessing = 0;
		};
/* End PBXSourcesBuildPhase section */

/* Begin PBXTargetDependency section */
		39F2F2352062253500534A9E /* PBXTargetDependency */ = {
			isa = PBXTargetDependency;
			target = 39F2F21E2062253400534A9E /* BaselineDemo */;
			targetProxy = 39F2F2342062253500534A9E /* PBXContainerItemProxy */;
		};
		39F2F2402062253500534A9E /* PBXTargetDependency */ = {
			isa = PBXTargetDependency;
			target = 39F2F21E2062253400534A9E /* BaselineDemo */;
			targetProxy = 39F2F23F2062253500534A9E /* PBXContainerItemProxy */;
		};
/* End PBXTargetDependency section */

/* Begin PBXVariantGroup section */
		39F2F2262062253400534A9E /* Main.storyboard */ = {
			isa = PBXVariantGroup;
			children = (
				39F2F2272062253400534A9E /* Base */,
			);
			name = Main.storyboard;
			sourceTree = "<group>";
		};
		39F2F22B2062253400534A9E /* LaunchScreen.storyboard */ = {
			isa = PBXVariantGroup;
			children = (
				39F2F22C2062253400534A9E /* Base */,
			);
			name = LaunchScreen.storyboard;
			sourceTree = "<group>";
		};
/* End PBXVariantGroup section */

/* Begin XCBuildConfiguration section */
		39F2F2452062253500534A9E /* Debug */ = {
			isa = XCBuildConfiguration;
			buildSettings = {
				ALWAYS_SEARCH_USER_PATHS = NO;
				CLANG_ANALYZER_NONNULL = YES;
				CLANG_ANALYZER_NUMBER_OBJECT_CONVERSION = YES_AGGRESSIVE;
				CLANG_CXX_LANGUAGE_STANDARD = "gnu++14";
				CLANG_CXX_LIBRARY = "libc++";
				CLANG_ENABLE_MODULES = YES;
				CLANG_ENABLE_OBJC_ARC = YES;
				CLANG_WARN_BLOCK_CAPTURE_AUTORELEASING = YES;
				CLANG_WARN_BOOL_CONVERSION = YES;
				CLANG_WARN_COMMA = YES;
				CLANG_WARN_CONSTANT_CONVERSION = YES;
				CLANG_WARN_DIRECT_OBJC_ISA_USAGE = YES_ERROR;
				CLANG_WARN_DOCUMENTATION_COMMENTS = YES;
				CLANG_WARN_EMPTY_BODY = YES;
				CLANG_WARN_ENUM_CONVERSION = YES;
				CLANG_WARN_INFINITE_RECURSION = YES;
				CLANG_WARN_INT_CONVERSION = YES;
				CLANG_WARN_NON_LITERAL_NULL_CONVERSION = YES;
				CLANG_WARN_OBJC_LITERAL_CONVERSION = YES;
				CLANG_WARN_OBJC_ROOT_CLASS = YES_ERROR;
				CLANG_WARN_RANGE_LOOP_ANALYSIS = YES;
				CLANG_WARN_STRICT_PROTOTYPES = YES;
				CLANG_WARN_SUSPICIOUS_MOVE = YES;
				CLANG_WARN_UNGUARDED_AVAILABILITY = YES_AGGRESSIVE;
				CLANG_WARN_UNREACHABLE_CODE = YES;
				CLANG_WARN__DUPLICATE_METHOD_MATCH = YES;
				CODE_SIGN_IDENTITY = "iPhone Developer";
				COPY_PHASE_STRIP = NO;
				DEBUG_INFORMATION_FORMAT = dwarf;
				ENABLE_STRICT_OBJC_MSGSEND = YES;
				ENABLE_TESTABILITY = YES;
				GCC_C_LANGUAGE_STANDARD = gnu11;
				GCC_DYNAMIC_NO_PIC = NO;
				GCC_NO_COMMON_BLOCKS = YES;
				GCC_OPTIMIZATION_LEVEL = 0;
				GCC_PREPROCESSOR_DEFINITIONS = (
					"DEBUG=1",
					"$(inherited)",
				);
				GCC_WARN_64_TO_32_BIT_CONVERSION = YES;
				GCC_WARN_ABOUT_RETURN_TYPE = YES_ERROR;
				GCC_WARN_UNDECLARED_SELECTOR = YES;
				GCC_WARN_UNINITIALIZED_AUTOS = YES_AGGRESSIVE;
				GCC_WARN_UNUSED_FUNCTION = YES;
				GCC_WARN_UNUSED_VARIABLE = YES;
				IPHONEOS_DEPLOYMENT_TARGET = 11.2;
				MTL_ENABLE_DEBUG_INFO = YES;
				ONLY_ACTIVE_ARCH = YES;
				SDKROOT = iphoneos;
				SWIFT_ACTIVE_COMPILATION_CONDITIONS = DEBUG;
				SWIFT_OPTIMIZATION_LEVEL = "-Onone";
			};
			name = Debug;
		};
		39F2F2462062253500534A9E /* Release */ = {
			isa = XCBuildConfiguration;
			buildSettings = {
				ALWAYS_SEARCH_USER_PATHS = NO;
				CLANG_ANALYZER_NONNULL = YES;
				CLANG_ANALYZER_NUMBER_OBJECT_CONVERSION = YES_AGGRESSIVE;
				CLANG_CXX_LANGUAGE_STANDARD = "gnu++14";
				CLANG_CXX_LIBRARY = "libc++";
				CLANG_ENABLE_MODULES = YES;
				CLANG_ENABLE_OBJC_ARC = YES;
				CLANG_WARN_BLOCK_CAPTURE_AUTORELEASING = YES;
				CLANG_WARN_BOOL_CONVERSION = YES;
				CLANG_WARN_COMMA = YES;
				CLANG_WARN_CONSTANT_CONVERSION = YES;
				CLANG_WARN_DIRECT_OBJC_ISA_USAGE = YES_ERROR;
				CLANG_WARN_DOCUMENTATION_COMMENTS = YES;
				CLANG_WARN_EMPTY_BODY = YES;
				CLANG_WARN_ENUM_CONVERSION = YES;
				CLANG_WARN_INFINITE_RECURSION = YES;
				CLANG_WARN_INT_CONVERSION = YES;
				CLANG_WARN_NON_LITERAL_NULL_CONVERSION = YES;
				CLANG_WARN_OBJC_LITERAL_CONVERSION = YES;
				CLANG_WARN_OBJC_ROOT_CLASS = YES_ERROR;
				CLANG_WARN_RANGE_LOOP_ANALYSIS = YES;
				CLANG_WARN_STRICT_PROTOTYPES = YES;
				CLANG_WARN_SUSPICIOUS_MOVE = YES;
				CLANG_WARN_UNGUARDED_AVAILABILITY = YES_AGGRESSIVE;
				CLANG_WARN_UNREACHABLE_CODE = YES;
				CLANG_WARN__DUPLICATE_METHOD_MATCH = YES;
				CODE_SIGN_IDENTITY = "iPhone Developer";
				COPY_PHASE_STRIP = NO;
				DEBUG_INFORMATION_FORMAT = "dwarf-with-dsym";
				ENABLE_NS_ASSERTIONS = NO;
				ENABLE_STRICT_OBJC_MSGSEND = YES;
				GCC_C_LANGUAGE_STANDARD = gnu11;
				GCC_NO_COMMON_BLOCKS = YES;
				GCC_WARN_64_TO_32_BIT_CONVERSION = YES;
				GCC_WARN_ABOUT_RETURN_TYPE = YES_ERROR;
				GCC_WARN_UNDECLARED_SELECTOR = YES;
				GCC_WARN_UNINITIALIZED_AUTOS = YES_AGGRESSIVE;
				GCC_WARN_UNUSED_FUNCTION = YES;
				GCC_WARN_UNUSED_VARIABLE = YES;
				IPHONEOS_DEPLOYMENT_TARGET = 11.2;
				MTL_ENABLE_DEBUG_INFO = NO;
				SDKROOT = iphoneos;
				SWIFT_OPTIMIZATION_LEVEL = "-Owholemodule";
				VALIDATE_PRODUCT = YES;
			};
			name = Release;
		};
		39F2F2482062253500534A9E /* Debug */ = {
			isa = XCBuildConfiguration;
			buildSettings = {
				ASSETCATALOG_COMPILER_APPICON_NAME = AppIcon;
				CODE_SIGN_STYLE = Automatic;
				DEVELOPMENT_TEAM = 5WQQFL4Z5B;
				INFOPLIST_FILE = BaselineDemo/Info.plist;
				LD_RUNPATH_SEARCH_PATHS = "$(inherited) @executable_path/Frameworks";
				PRODUCT_BUNDLE_IDENTIFIER = io.seedlab.BaselineDemo;
				PRODUCT_NAME = "$(TARGET_NAME)";
				SWIFT_VERSION = 4.0;
				TARGETED_DEVICE_FAMILY = "1,2";
			};
			name = Debug;
		};
		39F2F2492062253500534A9E /* Release */ = {
			isa = XCBuildConfiguration;
			buildSettings = {
				ASSETCATALOG_COMPILER_APPICON_NAME = AppIcon;
				CODE_SIGN_STYLE = Automatic;
				DEVELOPMENT_TEAM = 5WQQFL4Z5B;
				INFOPLIST_FILE = BaselineDemo/Info.plist;
				LD_RUNPATH_SEARCH_PATHS = "$(inherited) @executable_path/Frameworks";
				PRODUCT_BUNDLE_IDENTIFIER = io.seedlab.BaselineDemo;
				PRODUCT_NAME = "$(TARGET_NAME)";
				SWIFT_VERSION = 4.0;
				TARGETED_DEVICE_FAMILY = "1,2";
			};
			name = Release;
		};
		39F2F24B2062253500534A9E /* Debug */ = {
			isa = XCBuildConfiguration;
			buildSettings = {
				ALWAYS_EMBED_SWIFT_STANDARD_LIBRARIES = YES;
				BUNDLE_LOADER = "$(TEST_HOST)";
				CODE_SIGN_STYLE = Automatic;
				DEVELOPMENT_TEAM = 5WQQFL4Z5B;
				INFOPLIST_FILE = BaselineDemoTests/Info.plist;
				LD_RUNPATH_SEARCH_PATHS = "$(inherited) @executable_path/Frameworks @loader_path/Frameworks";
				PRODUCT_BUNDLE_IDENTIFIER = io.seedlab.BaselineDemoTests;
				PRODUCT_NAME = "$(TARGET_NAME)";
				SWIFT_VERSION = 4.0;
				TARGETED_DEVICE_FAMILY = "1,2";
				TEST_HOST = "$(BUILT_PRODUCTS_DIR)/BaselineDemo.app/BaselineDemo";
			};
			name = Debug;
		};
		39F2F24C2062253500534A9E /* Release */ = {
			isa = XCBuildConfiguration;
			buildSettings = {
				ALWAYS_EMBED_SWIFT_STANDARD_LIBRARIES = YES;
				BUNDLE_LOADER = "$(TEST_HOST)";
				CODE_SIGN_STYLE = Automatic;
				DEVELOPMENT_TEAM = 5WQQFL4Z5B;
				INFOPLIST_FILE = BaselineDemoTests/Info.plist;
				LD_RUNPATH_SEARCH_PATHS = "$(inherited) @executable_path/Frameworks @loader_path/Frameworks";
				PRODUCT_BUNDLE_IDENTIFIER = io.seedlab.BaselineDemoTests;
				PRODUCT_NAME = "$(TARGET_NAME)";
				SWIFT_VERSION = 4.0;
				TARGETED_DEVICE_FAMILY = "1,2";
				TEST_HOST = "$(BUILT_PRODUCTS_DIR)/BaselineDemo.app/BaselineDemo";
			};
			name = Release;
		};
		39F2F24E2062253500534A9E /* Debug */ = {
			isa = XCBuildConfiguration;
			buildSettings = {
				ALWAYS_EMBED_SWIFT_STANDARD_LIBRARIES = YES;
				CODE_SIGN_STYLE = Automatic;
				DEVELOPMENT_TEAM = 5WQQFL4Z5B;
				INFOPLIST_FILE = BaselineDemoUITests/Info.plist;
				LD_RUNPATH_SEARCH_PATHS = "$(inherited) @executable_path/Frameworks @loader_path/Frameworks";
				PRODUCT_BUNDLE_IDENTIFIER = io.seedlab.BaselineDemoUITests;
				PRODUCT_NAME = "$(TARGET_NAME)";
				SWIFT_VERSION = 4.0;
				TARGETED_DEVICE_FAMILY = "1,2";
				TEST_TARGET_NAME = BaselineDemo;
			};
			name = Debug;
		};
		39F2F24F2062253500534A9E /* Release */ = {
			isa = XCBuildConfiguration;
			buildSettings = {
				ALWAYS_EMBED_SWIFT_STANDARD_LIBRARIES = YES;
				CODE_SIGN_STYLE = Automatic;
				DEVELOPMENT_TEAM = 5WQQFL4Z5B;
				INFOPLIST_FILE = BaselineDemoUITests/Info.plist;
				LD_RUNPATH_SEARCH_PATHS = "$(inherited) @executable_path/Frameworks @loader_path/Frameworks";
				PRODUCT_BUNDLE_IDENTIFIER = io.seedlab.BaselineDemoUITests;
				PRODUCT_NAME = "$(TARGET_NAME)";
				SWIFT_VERSION = 4.0;
				TARGETED_DEVICE_FAMILY = "1,2";
				TEST_TARGET_NAME = BaselineDemo;
			};
			name = Release;
		};
/* End XCBuildConfiguration section */

/* Begin XCConfigurationList section */
		39F2F21A2062253400534A9E /* Build configuration list for PBXProject "BaselineDemo" */ = {
			isa = XCConfigurationList;
			buildConfigurations = (
				39F2F2452062253500534A9E /* Debug */,
				39F2F2462062253500534A9E /* Release */,
			);
			defaultConfigurationIsVisible = 0;
			defaultConfigurationName = Release;
		};
		39F2F2472062253500534A9E /* Build configuration list for PBXNativeTarget "BaselineDemo" */ = {
			isa = XCConfigurationList;
			buildConfigurations = (
				39F2F2482062253500534A9E /* Debug */,
				39F2F2492062253500534A9E /* Release */,
			);
			defaultConfigurationIsVisible = 0;
			defaultConfigurationName = Release;
		};
		39F2F24A2062253500534A9E /* Build configuration list for PBXNativeTarget "BaselineDemoTests" */ = {
			isa = XCConfigurationList;
			buildConfigurations = (
				39F2F24B2062253500534A9E /* Debug */,
				39F2F24C2062253500534A9E /* Release */,
			);
			defaultConfigurationIsVisible = 0;
			defaultConfigurationName = Release;
		};
		39F2F24D2062253500534A9E /* Build configuration list for PBXNativeTarget "BaselineDemoUITests" */ = {
			isa = XCConfigurationList;
			buildConfigurations = (
				39F2F24E2062253500534A9E /* Debug */,
				39F2F24F2062253500534A9E /* Release */,
			);
			defaultConfigurationIsVisible = 0;
			defaultConfigurationName = Release;
		};
/* End XCConfigurationList section */
	};
	rootObject = 39F2F2172062253400534A9E /* Project object */;
}
